github.com/julienschmidt/httprouter v1.3.0 h1:U0609e9tgbseu3rBINet9P48AI/D3oJs4dN7jwJOQ1U=
github.com/julienschmidt/httprouter v1.3.0/go.mod h1:JR6WtHb+2LUe8TCKY3cZOxFyyO8IZAc4RVcycCCAKdM=
github.com/rajatjindal/spin-go-sdk/v2 v2.0.0-20250212171249-383ffc55e65f h1:NXiB6AQMybNC1b2xt/jkJU9LcUcEu5J9uMilfppOgI4=
github.com/rajatjindal/spin-go-sdk/v2 v2.0.0-20250212171249-383ffc55e65f/go.mod h1:rEo6pNTk84hH4UDriJNgunSyNxjxznE95LKHKYViJ8A=
go.bytecodealliance.org/cm v0.2.2 h1:M9iHS6qs884mbQbIjtLX1OifgyPG9DuMs2iwz8G4WQA=
go.bytecodealliance.org/cm v0.2.2/go.mod h1:JD5vtVNZv7sBoQQkvBvAAVKJPhR/bqBH7yYXTItMfZI=
